
Microsoft Visual Studio Solution File, Format Version 12.00
# Visual Studio Version 16
VisualStudioVersion = 16.0.31911.196
MinimumVisualStudioVersion = 10.0.40219.1
Project("{FAE04EC0-301F-11D3-BF4B-00C04F79EFBC}") = "Switch-case", "Switch-case\Switch-case.csproj", "{50DBD97C-D381-41B8-8590-4BC5903DF301}"
EndProject
Global
	GlobalSection(SolutionConfigurationPlatforms) = preSolution
		Debug|Any CPU = Debug|Any CPU
		Release|Any CPU = Release|Any CPU
	EndGlobalSection
	GlobalSection(ProjectConfigurationPlatforms) = postSolution
		{50DBD97C-D381-41B8-8590-4BC5903DF301}.Debug|Any CPU.ActiveCfg = Debug|Any CPU
		{50DBD97C-D381-41B8-8590-4BC5903DF301}.Debug|Any CPU.Build.0 = Debug|Any CPU
		{50DBD97C-D381-41B8-8590-4BC5903DF301}.Release|Any CPU.ActiveCfg = Release|Any CPU
		{50DBD97C-D381-41B8-8590-4BC5903DF301}.Release|Any CPU.Build.0 = Release|Any CPU
	EndGlobalSection
	GlobalSection(SolutionProperties) = preSolution
		HideSolutionNode = FALSE
	EndGlobalSection
	GlobalSection(ExtensibilityGlobals) = postSolution
		SolutionGuid = {519D412C-BA79-4F76-9D58-476023339D58}
	EndGlobalSection
EndGlobal
