
Microsoft Visual Studio Solution File, Format Version 12.00
# Visual Studio Version 16
VisualStudioVersion = 16.0.31911.196
MinimumVisualStudioVersion = 10.0.40219.1
Project("{FAE04EC0-301F-11D3-BF4B-00C04F79EFBC}") = "Try-catch-finally", "Try-catch-finally\Try-catch-finally.csproj", "{B221FC19-22D1-4168-A780-60138C3078E1}"
EndProject
Global
	GlobalSection(SolutionConfigurationPlatforms) = preSolution
		Debug|Any CPU = Debug|Any CPU
		Release|Any CPU = Release|Any CPU
	EndGlobalSection
	GlobalSection(ProjectConfigurationPlatforms) = postSolution
		{B221FC19-22D1-4168-A780-60138C3078E1}.Debug|Any CPU.ActiveCfg = Debug|Any CPU
		{B221FC19-22D1-4168-A780-60138C3078E1}.Debug|Any CPU.Build.0 = Debug|Any CPU
		{B221FC19-22D1-4168-A780-60138C3078E1}.Release|Any CPU.ActiveCfg = Release|Any CPU
		{B221FC19-22D1-4168-A780-60138C3078E1}.Release|Any CPU.Build.0 = Release|Any CPU
	EndGlobalSection
	GlobalSection(SolutionProperties) = preSolution
		HideSolutionNode = FALSE
	EndGlobalSection
	GlobalSection(ExtensibilityGlobals) = postSolution
		SolutionGuid = {FA13A72D-9291-4856-A977-0611F6F7AA61}
	EndGlobalSection
EndGlobal
